// !$*UTF8*$!
{
	archiveVersion = 1;
	classes = {
	};
	objectVersion = 55;
	objects = {

/* Begin PBXBuildFile section */
		4A48183427567509001BC1D4 /* AppDelegate.swift in Sources */ = {isa = PBXBuildFile; fileRef = 4A48183327567509001BC1D4 /* AppDelegate.swift */; };
		4A48183627567509001BC1D4 /* SceneDelegate.swift in Sources */ = {isa = PBXBuildFile; fileRef = 4A48183527567509001BC1D4 /* SceneDelegate.swift */; };
		4A48183827567509001BC1D4 /* ViewController.swift in Sources */ = {isa = PBXBuildFile; fileRef = 4A48183727567509001BC1D4 /* ViewController.swift */; };
		4A48183B27567509001BC1D4 /* Main.storyboard in Resources */ = {isa = PBXBuildFile; fileRef = 4A48183927567509001BC1D4 /* Main.storyboard */; };
		4A48183D2756750A001BC1D4 /* Assets.xcassets in Resources */ = {isa = PBXBuildFile; fileRef = 4A48183C2756750A001BC1D4 /* Assets.xcassets */; };
		4A4818402756750A001BC1D4 /* LaunchScreen.storyboard in Resources */ = {isa = PBXBuildFile; fileRef = 4A48183E2756750A001BC1D4 /* LaunchScreen.storyboard */; };
		4A48184B2756750A001BC1D4 /* ExTodoTests.swift in Sources */ = {isa = PBXBuildFile; fileRef = 4A48184A2756750A001BC1D4 /* ExTodoTests.swift */; };
		4A4818552756750A001BC1D4 /* ExTodoUITests.swift in Sources */ = {isa = PBXBuildFile; fileRef = 4A4818542756750A001BC1D4 /* ExTodoUITests.swift */; };
		4A4818572756750A001BC1D4 /* ExTodoUITestsLaunchTests.swift in Sources */ = {isa = PBXBuildFile; fileRef = 4A4818562756750A001BC1D4 /* ExTodoUITestsLaunchTests.swift */; };
/* End PBXBuildFile section */

/* Begin PBXContainerItemProxy section */
		4A4818472756750A001BC1D4 /* PBXContainerItemProxy */ = {
			isa = PBXContainerItemProxy;
			containerPortal = 4A48182827567509001BC1D4 /* Project object */;
			proxyType = 1;
			remoteGlobalIDString = 4A48182F27567509001BC1D4;
			remoteInfo = ExTodo;
		};
		4A4818512756750A001BC1D4 /* PBXContainerItemProxy */ = {
			isa = PBXContainerItemProxy;
			containerPortal = 4A48182827567509001BC1D4 /* Project object */;
			proxyType = 1;
			remoteGlobalIDString = 4A48182F27567509001BC1D4;
			remoteInfo = ExTodo;
		};
/* End PBXContainerItemProxy section */

/* Begin PBXFileReference section */
		4A48183027567509001BC1D4 /* ExTodo.app */ = {isa = PBXFileReference; explicitFileType = wrapper.application; includeInIndex = 0; path = ExTodo.app; sourceTree = BUILT_PRODUCTS_DIR; };
		4A48183327567509001BC1D4 /* AppDelegate.swift */ = {isa = PBXFileReference; lastKnownFileType = sourcecode.swift; path = AppDelegate.swift; sourceTree = "<group>"; };
		4A48183527567509001BC1D4 /* SceneDelegate.swift */ = {isa = PBXFileReference; lastKnownFileType = sourcecode.swift; path = SceneDelegate.swift; sourceTree = "<group>"; };
		4A48183727567509001BC1D4 /* ViewController.swift */ = {isa = PBXFileReference; lastKnownFileType = sourcecode.swift; path = ViewController.swift; sourceTree = "<group>"; };
		4A48183A27567509001BC1D4 /* Base */ = {isa = PBXFileReference; lastKnownFileType = file.storyboard; name = Base; path = Base.lproj/Main.storyboard; sourceTree = "<group>"; };
		4A48183C2756750A001BC1D4 /* Assets.xcassets */ = {isa = PBXFileReference; lastKnownFileType = folder.assetcatalog; path = Assets.xcassets; sourceTree = "<group>"; };
		4A48183F2756750A001BC1D4 /* Base */ = {isa = PBXFileReference; lastKnownFileType = file.storyboard; name = Base; path = Base.lproj/LaunchScreen.storyboard; sourceTree = "<group>"; };
		4A4818412756750A001BC1D4 /* Info.plist */ = {isa = PBXFileReference; lastKnownFileType = text.plist.xml; path = Info.plist; sourceTree = "<group>"; };
		4A4818462756750A001BC1D4 /* ExTodoTests.xctest */ = {isa = PBXFileReference; explicitFileType = wrapper.cfbundle; includeInIndex = 0; path = ExTodoTests.xctest; sourceTree = BUILT_PRODUCTS_DIR; };
		4A48184A2756750A001BC1D4 /* ExTodoTests.swift */ = {isa = PBXFileReference; lastKnownFileType = sourcecode.swift; path = ExTodoTests.swift; sourceTree = "<group>"; };
		4A4818502756750A001BC1D4 /* ExTodoUITests.xctest */ = {isa = PBXFileReference; explicitFileType = wrapper.cfbundle; includeInIndex = 0; path = ExTodoUITests.xctest; sourceTree = BUILT_PRODUCTS_DIR; };
		4A4818542756750A001BC1D4 /* ExTodoUITests.swift */ = {isa = PBXFileReference; lastKnownFileType = sourcecode.swift; path = ExTodoUITests.swift; sourceTree = "<group>"; };
		4A4818562756750A001BC1D4 /* ExTodoUITestsLaunchTests.swift */ = {isa = PBXFileReference; lastKnownFileType = sourcecode.swift; path = ExTodoUITestsLaunchTests.swift; sourceTree = "<group>"; };
/* End PBXFileReference section */

/* Begin PBXFrameworksBuildPhase section */
		4A48182D27567509001BC1D4 /* Frameworks */ = {
			isa = PBXFrameworksBuildPhase;
			buildActionMask = 2147483647;
			files = (
			);
			runOnlyForDeploymentPostprocessing = 0;
		};
		4A4818432756750A001BC1D4 /* Frameworks */ = {
			isa = PBXFrameworksBuildPhase;
			buildActionMask = 2147483647;
			files = (
			);
			runOnlyForDeploymentPostprocessing = 0;
		};
		4A48184D2756750A001BC1D4 /* Frameworks */ = {
			isa = PBXFrameworksBuildPhase;
			buildActionMask = 2147483647;
			files = (
			);
			runOnlyForDeploymentPostprocessing = 0;
		};
/* End PBXFrameworksBuildPhase section */

/* Begin PBXGroup section */
		4A48182727567509001BC1D4 = {
			isa = PBXGroup;
			children = (
				4A48183227567509001BC1D4 /* ExTodo */,
				4A4818492756750A001BC1D4 /* ExTodoTests */,
				4A4818532756750A001BC1D4 /* ExTodoUITests */,
				4A48183127567509001BC1D4 /* Products */,
			);
			sourceTree = "<group>";
		};
		4A48183127567509001BC1D4 /* Products */ = {
			isa = PBXGroup;
			children = (
				4A48183027567509001BC1D4 /* ExTodo.app */,
				4A4818462756750A001BC1D4 /* ExTodoTests.xctest */,
				4A4818502756750A001BC1D4 /* ExTodoUITests.xctest */,
			);
			name = Products;
			sourceTree = "<group>";
		};
		4A48183227567509001BC1D4 /* ExTodo */ = {
			isa = PBXGroup;
			children = (
				4A48183327567509001BC1D4 /* AppDelegate.swift */,
				4A48183527567509001BC1D4 /* SceneDelegate.swift */,
				4A48183727567509001BC1D4 /* ViewController.swift */,
				4A48183927567509001BC1D4 /* Main.storyboard */,
				4A48183C2756750A001BC1D4 /* Assets.xcassets */,
				4A48183E2756750A001BC1D4 /* LaunchScreen.storyboard */,
				4A4818412756750A001BC1D4 /* Info.plist */,
			);
			path = ExTodo;
			sourceTree = "<group>";
		};
		4A4818492756750A001BC1D4 /* ExTodoTests */ = {
			isa = PBXGroup;
			children = (
				4A48184A2756750A001BC1D4 /* ExTodoTests.swift */,
			);
			path = ExTodoTests;
			sourceTree = "<group>";
		};
		4A4818532756750A001BC1D4 /* ExTodoUITests */ = {
			isa = PBXGroup;
			children = (
				4A4818542756750A001BC1D4 /* ExTodoUITests.swift */,
				4A4818562756750A001BC1D4 /* ExTodoUITestsLaunchTests.swift */,
			);
			path = ExTodoUITests;
			sourceTree = "<group>";
		};
/* End PBXGroup section */

/* Begin PBXNativeTarget section */
		4A48182F27567509001BC1D4 /* ExTodo */ = {
			isa = PBXNativeTarget;
			buildConfigurationList = 4A48185A2756750A001BC1D4 /* Build configuration list for PBXNativeTarget "ExTodo" */;
			buildPhases = (
				4A48182C27567509001BC1D4 /* Sources */,
				4A48182D27567509001BC1D4 /* Frameworks */,
				4A48182E27567509001BC1D4 /* Resources */,
			);
			buildRules = (
			);
			dependencies = (
			);
			name = ExTodo;
			productName = ExTodo;
			productReference = 4A48183027567509001BC1D4 /* ExTodo.app */;
			productType = "com.apple.product-type.application";
		};
		4A4818452756750A001BC1D4 /* ExTodoTests */ = {
			isa = PBXNativeTarget;
			buildConfigurationList = 4A48185D2756750A001BC1D4 /* Build configuration list for PBXNativeTarget "ExTodoTests" */;
			buildPhases = (
				4A4818422756750A001BC1D4 /* Sources */,
				4A4818432756750A001BC1D4 /* Frameworks */,
				4A4818442756750A001BC1D4 /* Resources */,
			);
			buildRules = (
			);
			dependencies = (
				4A4818482756750A001BC1D4 /* PBXTargetDependency */,
			);
			name = ExTodoTests;
			productName = ExTodoTests;
			productReference = 4A4818462756750A001BC1D4 /* ExTodoTests.xctest */;
			productType = "com.apple.product-type.bundle.unit-test";
		};
		4A48184F2756750A001BC1D4 /* ExTodoUITests */ = {
			isa = PBXNativeTarget;
			buildConfigurationList = 4A4818602756750A001BC1D4 /* Build configuration list for PBXNativeTarget "ExTodoUITests" */;
			buildPhases = (
				4A48184C2756750A001BC1D4 /* Sources */,
				4A48184D2756750A001BC1D4 /* Frameworks */,
				4A48184E2756750A001BC1D4 /* Resources */,
			);
			buildRules = (
			);
			dependencies = (
				4A4818522756750A001BC1D4 /* PBXTargetDependency */,
			);
			name = ExTodoUITests;
			productName = ExTodoUITests;
			productReference = 4A4818502756750A001BC1D4 /* ExTodoUITests.xctest */;
			productType = "com.apple.product-type.bundle.ui-testing";
		};
/* End PBXNativeTarget section */

/* Begin PBXProject section */
		4A48182827567509001BC1D4 /* Project object */ = {
			isa = PBXProject;
			attributes = {
				BuildIndependentTargetsInParallel = 1;
				LastSwiftUpdateCheck = 1310;
				LastUpgradeCheck = 1310;
				TargetAttributes = {
					4A48182F27567509001BC1D4 = {
						CreatedOnToolsVersion = 13.1;
					};
					4A4818452756750A001BC1D4 = {
						CreatedOnToolsVersion = 13.1;
						TestTargetID = 4A48182F27567509001BC1D4;
					};
					4A48184F2756750A001BC1D4 = {
						CreatedOnToolsVersion = 13.1;
						TestTargetID = 4A48182F27567509001BC1D4;
					};
				};
			};
			buildConfigurationList = 4A48182B27567509001BC1D4 /* Build configuration list for PBXProject "ExTodo" */;
			compatibilityVersion = "Xcode 13.0";
			developmentRegion = en;
			hasScannedForEncodings = 0;
			knownRegions = (
				en,
				Base,
			);
			mainGroup = 4A48182727567509001BC1D4;
			productRefGroup = 4A48183127567509001BC1D4 /* Products */;
			projectDirPath = "";
			projectRoot = "";
			targets = (
				4A48182F27567509001BC1D4 /* ExTodo */,
				4A4818452756750A001BC1D4 /* ExTodoTests */,
				4A48184F2756750A001BC1D4 /* ExTodoUITests */,
			);
		};
/* End PBXProject section */

/* Begin PBXResourcesBuildPhase section */
		4A48182E27567509001BC1D4 /* Resources */ = {
			isa = PBXResourcesBuildPhase;
			buildActionMask = 2147483647;
			files = (
				4A4818402756750A001BC1D4 /* LaunchScreen.storyboard in Resources */,
				4A48183D2756750A001BC1D4 /* Assets.xcassets in Resources */,
				4A48183B27567509001BC1D4 /* Main.storyboard in Resources */,
			);
			runOnlyForDeploymentPostprocessing = 0;
		};
		4A4818442756750A001BC1D4 /* Resources */ = {
			isa = PBXResourcesBuildPhase;
			buildActionMask = 2147483647;
			files = (
			);
			runOnlyForDeploymentPostprocessing = 0;
		};
		4A48184E2756750A001BC1D4 /* Resources */ = {
			isa = PBXResourcesBuildPhase;
			buildActionMask = 2147483647;
			files = (
			);
			runOnlyForDeploymentPostprocessing = 0;
		};
/* End PBXResourcesBuildPhase section */

/* Begin PBXSourcesBuildPhase section */
		4A48182C27567509001BC1D4 /* Sources */ = {
			isa = PBXSourcesBuildPhase;
			buildActionMask = 2147483647;
			files = (
				4A48183827567509001BC1D4 /* ViewController.swift in Sources */,
				4A48183427567509001BC1D4 /* AppDelegate.swift in Sources */,
				4A48183627567509001BC1D4 /* SceneDelegate.swift in Sources */,
			);
			runOnlyForDeploymentPostprocessing = 0;
		};
		4A4818422756750A001BC1D4 /* Sources */ = {
			isa = PBXSourcesBuildPhase;
			buildActionMask = 2147483647;
			files = (
				4A48184B2756750A001BC1D4 /* ExTodoTests.swift in Sources */,
			);
			runOnlyForDeploymentPostprocessing = 0;
		};
		4A48184C2756750A001BC1D4 /* Sources */ = {
			isa = PBXSourcesBuildPhase;
			buildActionMask = 2147483647;
			files = (
				4A4818552756750A001BC1D4 /* ExTodoUITests.swift in Sources */,
				4A4818572756750A001BC1D4 /* ExTodoUITestsLaunchTests.swift in Sources */,
			);
			runOnlyForDeploymentPostprocessing = 0;
		};
/* End PBXSourcesBuildPhase section */

/* Begin PBXTargetDependency section */
		4A4818482756750A001BC1D4 /* PBXTargetDependency */ = {
			isa = PBXTargetDependency;
			target = 4A48182F27567509001BC1D4 /* ExTodo */;
			targetProxy = 4A4818472756750A001BC1D4 /* PBXContainerItemProxy */;
		};
		4A4818522756750A001BC1D4 /* PBXTargetDependency */ = {
			isa = PBXTargetDependency;
			target = 4A48182F27567509001BC1D4 /* ExTodo */;
			targetProxy = 4A4818512756750A001BC1D4 /* PBXContainerItemProxy */;
		};
/* End PBXTargetDependency section */

/* Begin PBXVariantGroup section */
		4A48183927567509001BC1D4 /* Main.storyboard */ = {
			isa = PBXVariantGroup;
			children = (
				4A48183A27567509001BC1D4 /* Base */,
			);
			name = Main.storyboard;
			sourceTree = "<group>";
		};
		4A48183E2756750A001BC1D4 /* LaunchScreen.storyboard */ = {
			isa = PBXVariantGroup;
			children = (
				4A48183F2756750A001BC1D4 /* Base */,
			);
			name = LaunchScreen.storyboard;
			sourceTree = "<group>";
		};
/* End PBXVariantGroup section */

/* Begin XCBuildConfiguration section */
		4A4818582756750A001BC1D4 /* Debug */ = {
			isa = XCBuildConfiguration;
			buildSettings = {
				ALWAYS_SEARCH_USER_PATHS = NO;
				CLANG_ANALYZER_NONNULL = YES;
				CLANG_ANALYZER_NUMBER_OBJECT_CONVERSION = YES_AGGRESSIVE;
				CLANG_CXX_LANGUAGE_STANDARD = "gnu++17";
				CLANG_CXX_LIBRARY = "libc++";
				CLANG_ENABLE_MODULES = YES;
				CLANG_ENABLE_OBJC_ARC = YES;
				CLANG_ENABLE_OBJC_WEAK = YES;
				CLANG_WARN_BLOCK_CAPTURE_AUTORELEASING = YES;
				CLANG_WARN_BOOL_CONVERSION = YES;
				CLANG_WARN_COMMA = YES;
				CLANG_WARN_CONSTANT_CONVERSION = YES;
				CLANG_WARN_DEPRECATED_OBJC_IMPLEMENTATIONS = YES;
				CLANG_WARN_DIRECT_OBJC_ISA_USAGE = YES_ERROR;
				CLANG_WARN_DOCUMENTATION_COMMENTS = YES;
				CLANG_WARN_EMPTY_BODY = YES;
				CLANG_WARN_ENUM_CONVERSION = YES;
				CLANG_WARN_INFINITE_RECURSION = YES;
				CLANG_WARN_INT_CONVERSION = YES;
				CLANG_WARN_NON_LITERAL_NULL_CONVERSION = YES;
				CLANG_WARN_OBJC_IMPLICIT_RETAIN_SELF = YES;
				CLANG_WARN_OBJC_LITERAL_CONVERSION = YES;
				CLANG_WARN_OBJC_ROOT_CLASS = YES_ERROR;
				CLANG_WARN_QUOTED_INCLUDE_IN_FRAMEWORK_HEADER = YES;
				CLANG_WARN_RANGE_LOOP_ANALYSIS = YES;
				CLANG_WARN_STRICT_PROTOTYPES = YES;
				CLANG_WARN_SUSPICIOUS_MOVE = YES;
				CLANG_WARN_UNGUARDED_AVAILABILITY = YES_AGGRESSIVE;
				CLANG_WARN_UNREACHABLE_CODE = YES;
				CLANG_WARN__DUPLICATE_METHOD_MATCH = YES;
				COPY_PHASE_STRIP = NO;
				DEBUG_INFORMATION_FORMAT = dwarf;
				ENABLE_STRICT_OBJC_MSGSEND = YES;
				ENABLE_TESTABILITY = YES;
				GCC_C_LANGUAGE_STANDARD = gnu11;
				GCC_DYNAMIC_NO_PIC = NO;
				GCC_NO_COMMON_BLOCKS = YES;
				GCC_OPTIMIZATION_LEVEL = 0;
				GCC_PREPROCESSOR_DEFINITIONS = (
					"DEBUG=1",
					"$(inherited)",
				);
				GCC_WARN_64_TO_32_BIT_CONVERSION = YES;
				GCC_WARN_ABOUT_RETURN_TYPE = YES_ERROR;
				GCC_WARN_UNDECLARED_SELECTOR = YES;
				GCC_WARN_UNINITIALIZED_AUTOS = YES_AGGRESSIVE;
				GCC_WARN_UNUSED_FUNCTION = YES;
				GCC_WARN_UNUSED_VARIABLE = YES;
				IPHONEOS_DEPLOYMENT_TARGET = 15.0;
				MTL_ENABLE_DEBUG_INFO = INCLUDE_SOURCE;
				MTL_FAST_MATH = YES;
				ONLY_ACTIVE_ARCH = YES;
				SDKROOT = iphoneos;
				SWIFT_ACTIVE_COMPILATION_CONDITIONS = DEBUG;
				SWIFT_OPTIMIZATION_LEVEL = "-Onone";
			};
			name = Debug;
		};
		4A4818592756750A001BC1D4 /* Release */ = {
			isa = XCBuildConfiguration;
			buildSettings = {
				ALWAYS_SEARCH_USER_PATHS = NO;
				CLANG_ANALYZER_NONNULL = YES;
				CLANG_ANALYZER_NUMBER_OBJECT_CONVERSION = YES_AGGRESSIVE;
				CLANG_CXX_LANGUAGE_STANDARD = "gnu++17";
				CLANG_CXX_LIBRARY = "libc++";
				CLANG_ENABLE_MODULES = YES;
				CLANG_ENABLE_OBJC_ARC = YES;
				CLANG_ENABLE_OBJC_WEAK = YES;
				CLANG_WARN_BLOCK_CAPTURE_AUTORELEASING = YES;
				CLANG_WARN_BOOL_CONVERSION = YES;
				CLANG_WARN_COMMA = YES;
				CLANG_WARN_CONSTANT_CONVERSION = YES;
				CLANG_WARN_DEPRECATED_OBJC_IMPLEMENTATIONS = YES;
				CLANG_WARN_DIRECT_OBJC_ISA_USAGE = YES_ERROR;
				CLANG_WARN_DOCUMENTATION_COMMENTS = YES;
				CLANG_WARN_EMPTY_BODY = YES;
				CLANG_WARN_ENUM_CONVERSION = YES;
				CLANG_WARN_INFINITE_RECURSION = YES;
				CLANG_WARN_INT_CONVERSION = YES;
				CLANG_WARN_NON_LITERAL_NULL_CONVERSION = YES;
				CLANG_WARN_OBJC_IMPLICIT_RETAIN_SELF = YES;
				CLANG_WARN_OBJC_LITERAL_CONVERSION = YES;
				CLANG_WARN_OBJC_ROOT_CLASS = YES_ERROR;
				CLANG_WARN_QUOTED_INCLUDE_IN_FRAMEWORK_HEADER = YES;
				CLANG_WARN_RANGE_LOOP_ANALYSIS = YES;
				CLANG_WARN_STRICT_PROTOTYPES = YES;
				CLANG_WARN_SUSPICIOUS_MOVE = YES;
				CLANG_WARN_UNGUARDED_AVAILABILITY = YES_AGGRESSIVE;
				CLANG_WARN_UNREACHABLE_CODE = YES;
				CLANG_WARN__DUPLICATE_METHOD_MATCH = YES;
				COPY_PHASE_STRIP = NO;
				DEBUG_INFORMATION_FORMAT = "dwarf-with-dsym";
				ENABLE_NS_ASSERTIONS = NO;
				ENABLE_STRICT_OBJC_MSGSEND = YES;
				GCC_C_LANGUAGE_STANDARD = gnu11;
				GCC_NO_COMMON_BLOCKS = YES;
				GCC_WARN_64_TO_32_BIT_CONVERSION = YES;
				GCC_WARN_ABOUT_RETURN_TYPE = YES_ERROR;
				GCC_WARN_UNDECLARED_SELECTOR = YES;
				GCC_WARN_UNINITIALIZED_AUTOS = YES_AGGRESSIVE;
				GCC_WARN_UNUSED_FUNCTION = YES;
				GCC_WARN_UNUSED_VARIABLE = YES;
				IPHONEOS_DEPLOYMENT_TARGET = 15.0;
				MTL_ENABLE_DEBUG_INFO = NO;
				MTL_FAST_MATH = YES;
				SDKROOT = iphoneos;
				SWIFT_COMPILATION_MODE = wholemodule;
				SWIFT_OPTIMIZATION_LEVEL = "-O";
				VALIDATE_PRODUCT = YES;
			};
			name = Release;
		};
		4A48185B2756750A001BC1D4 /* Debug */ = {
			isa = XCBuildConfiguration;
			buildSettings = {
				ASSETCATALOG_COMPILER_APPICON_NAME = AppIcon;
				ASSETCATALOG_COMPILER_GLOBAL_ACCENT_COLOR_NAME = AccentColor;
				CODE_SIGN_STYLE = Automatic;
				CURRENT_PROJECT_VERSION = 1;
				DEVELOPMENT_TEAM = SS7U83UJNK;
				GENERATE_INFOPLIST_FILE = YES;
				INFOPLIST_FILE = ExTodo/Info.plist;
				INFOPLIST_KEY_UIApplicationSupportsIndirectInputEvents = YES;
				INFOPLIST_KEY_UILaunchStoryboardName = LaunchScreen;
				INFOPLIST_KEY_UIMainStoryboardFile = Main;
				INFOPLIST_KEY_UISupportedInterfaceOrientations_iPad = "UIInterfaceOrientationPortrait UIInterfaceOrientationPortraitUpsideDown UIInterfaceOrientationLandscapeLeft UIInterfaceOrientationLandscapeRight";
				INFOPLIST_KEY_UISupportedInterfaceOrientations_iPhone = "UIInterfaceOrientationPortrait UIInterfaceOrientationLandscapeLeft UIInterfaceOrientationLandscapeRight";
				LD_RUNPATH_SEARCH_PATHS = (
					"$(inherited)",
					"@executable_path/Frameworks",
				);
				MARKETING_VERSION = 1.0;
				PRODUCT_BUNDLE_IDENTIFIER = com.jake.ExTodo;
				PRODUCT_NAME = "$(TARGET_NAME)";
				SWIFT_EMIT_LOC_STRINGS = YES;
				SWIFT_VERSION = 5.0;
				TARGETED_DEVICE_FAMILY = "1,2";
			};
			name = Debug;
		};
		4A48185C2756750A001BC1D4 /* Release */ = {
			isa = XCBuildConfiguration;
			buildSettings = {
				ASSETCATALOG_COMPILER_APPICON_NAME = AppIcon;
				ASSETCATALOG_COMPILER_GLOBAL_ACCENT_COLOR_NAME = AccentColor;
				CODE_SIGN_STYLE = Automatic;
				CURRENT_PROJECT_VERSION = 1;
				DEVELOPMENT_TEAM = SS7U83UJNK;
				GENERATE_INFOPLIST_FILE = YES;
				INFOPLIST_FILE = ExTodo/Info.plist;
				INFOPLIST_KEY_UIApplicationSupportsIndirectInputEvents = YES;
				INFOPLIST_KEY_UILaunchStoryboardName = LaunchScreen;
				INFOPLIST_KEY_UIMainStoryboardFile = Main;
				INFOPLIST_KEY_UISupportedInterfaceOrientations_iPad = "UIInterfaceOrientationPortrait UIInterfaceOrientationPortraitUpsideDown UIInterfaceOrientationLandscapeLeft UIInterfaceOrientationLandscapeRight";
				INFOPLIST_KEY_UISupportedInterfaceOrientations_iPhone = "UIInterfaceOrientationPortrait UIInterfaceOrientationLandscapeLeft UIInterfaceOrientationLandscapeRight";
				LD_RUNPATH_SEARCH_PATHS = (
					"$(inherited)",
					"@executable_path/Frameworks",
				);
				MARKETING_VERSION = 1.0;
				PRODUCT_BUNDLE_IDENTIFIER = com.jake.ExTodo;
				PRODUCT_NAME = "$(TARGET_NAME)";
				SWIFT_EMIT_LOC_STRINGS = YES;
				SWIFT_VERSION = 5.0;
				TARGETED_DEVICE_FAMILY = "1,2";
			};
			name = Release;
		};
		4A48185E2756750A001BC1D4 /* Debug */ = {
			isa = XCBuildConfiguration;
			buildSettings = {
				ALWAYS_EMBED_SWIFT_STANDARD_LIBRARIES = YES;
				BUNDLE_LOADER = "$(TEST_HOST)";
				CODE_SIGN_STYLE = Automatic;
				CURRENT_PROJECT_VERSION = 1;
				DEVELOPMENT_TEAM = SS7U83UJNK;
				GENERATE_INFOPLIST_FILE = YES;
				IPHONEOS_DEPLOYMENT_TARGET = 15.0;
				LD_RUNPATH_SEARCH_PATHS = (
					"$(inherited)",
					"@executable_path/Frameworks",
					"@loader_path/Frameworks",
				);
				MARKETING_VERSION = 1.0;
				PRODUCT_BUNDLE_IDENTIFIER = com.jake.ExTodoTests;
				PRODUCT_NAME = "$(TARGET_NAME)";
				SWIFT_EMIT_LOC_STRINGS = NO;
				SWIFT_VERSION = 5.0;
				TARGETED_DEVICE_FAMILY = "1,2";
				TEST_HOST = "$(BUILT_PRODUCTS_DIR)/ExTodo.app/ExTodo";
			};
			name = Debug;
		};
		4A48185F2756750A001BC1D4 /* Release */ = {
			isa = XCBuildConfiguration;
			buildSettings = {
				ALWAYS_EMBED_SWIFT_STANDARD_LIBRARIES = YES;
				BUNDLE_LOADER = "$(TEST_HOST)";
				CODE_SIGN_STYLE = Automatic;
				CURRENT_PROJECT_VERSION = 1;
				DEVELOPMENT_TEAM = SS7U83UJNK;
				GENERATE_INFOPLIST_FILE = YES;
				IPHONEOS_DEPLOYMENT_TARGET = 15.0;
				LD_RUNPATH_SEARCH_PATHS = (
					"$(inherited)",
					"@executable_path/Frameworks",
					"@loader_path/Frameworks",
				);
				MARKETING_VERSION = 1.0;
				PRODUCT_BUNDLE_IDENTIFIER = com.jake.ExTodoTests;
				PRODUCT_NAME = "$(TARGET_NAME)";
				SWIFT_EMIT_LOC_STRINGS = NO;
				SWIFT_VERSION = 5.0;
				TARGETED_DEVICE_FAMILY = "1,2";
				TEST_HOST = "$(BUILT_PRODUCTS_DIR)/ExTodo.app/ExTodo";
			};
			name = Release;
		};
		4A4818612756750A001BC1D4 /* Debug */ = {
			isa = XCBuildConfiguration;
			buildSettings = {
				ALWAYS_EMBED_SWIFT_STANDARD_LIBRARIES = YES;
				CODE_SIGN_STYLE = Automatic;
				CURRENT_PROJECT_VERSION = 1;
				DEVELOPMENT_TEAM = SS7U83UJNK;
				GENERATE_INFOPLIST_FILE = YES;
				LD_RUNPATH_SEARCH_PATHS = (
					"$(inherited)",
					"@executable_path/Frameworks",
					"@loader_path/Frameworks",
				);
				MARKETING_VERSION = 1.0;
				PRODUCT_BUNDLE_IDENTIFIER = com.jake.ExTodoUITests;
				PRODUCT_NAME = "$(TARGET_NAME)";
				SWIFT_EMIT_LOC_STRINGS = NO;
				SWIFT_VERSION = 5.0;
				TARGETED_DEVICE_FAMILY = "1,2";
				TEST_TARGET_NAME = ExTodo;
			};
			name = Debug;
		};
		4A4818622756750A001BC1D4 /* Release */ = {
			isa = XCBuildConfiguration;
			buildSettings = {
				ALWAYS_EMBED_SWIFT_STANDARD_LIBRARIES = YES;
				CODE_SIGN_STYLE = Automatic;
				CURRENT_PROJECT_VERSION = 1;
				DEVELOPMENT_TEAM = SS7U83UJNK;
				GENERATE_INFOPLIST_FILE = YES;
				LD_RUNPATH_SEARCH_PATHS = (
					"$(inherited)",
					"@executable_path/Frameworks",
					"@loader_path/Frameworks",
				);
				MARKETING_VERSION = 1.0;
				PRODUCT_BUNDLE_IDENTIFIER = com.jake.ExTodoUITests;
				PRODUCT_NAME = "$(TARGET_NAME)";
				SWIFT_EMIT_LOC_STRINGS = NO;
				SWIFT_VERSION = 5.0;
				TARGETED_DEVICE_FAMILY = "1,2";
				TEST_TARGET_NAME = ExTodo;
			};
			name = Release;
		};
/* End XCBuildConfiguration section */

/* Begin XCConfigurationList section */
		4A48182B27567509001BC1D4 /* Build configuration list for PBXProject "ExTodo" */ = {
			isa = XCConfigurationList;
			buildConfigurations = (
				4A4818582756750A001BC1D4 /* Debug */,
				4A4818592756750A001BC1D4 /* Release */,
			);
			defaultConfigurationIsVisible = 0;
			defaultConfigurationName = Release;
		};
		4A48185A2756750A001BC1D4 /* Build configuration list for PBXNativeTarget "ExTodo" */ = {
			isa = XCConfigurationList;
			buildConfigurations = (
				4A48185B2756750A001BC1D4 /* Debug */,
				4A48185C2756750A001BC1D4 /* Release */,
			);
			defaultConfigurationIsVisible = 0;
			defaultConfigurationName = Release;
		};
		4A48185D2756750A001BC1D4 /* Build configuration list for PBXNativeTarget "ExTodoTests" */ = {
			isa = XCConfigurationList;
			buildConfigurations = (
				4A48185E2756750A001BC1D4 /* Debug */,
				4A48185F2756750A001BC1D4 /* Release */,
			);
			defaultConfigurationIsVisible = 0;
			defaultConfigurationName = Release;
		};
		4A4818602756750A001BC1D4 /* Build configuration list for PBXNativeTarget "ExTodoUITests" */ = {
			isa = XCConfigurationList;
			buildConfigurations = (
				4A4818612756750A001BC1D4 /* Debug */,
				4A4818622756750A001BC1D4 /* Release */,
			);
			defaultConfigurationIsVisible = 0;
			defaultConfigurationName = Release;
		};
/* End XCConfigurationList section */
	};
	rootObject = 4A48182827567509001BC1D4 /* Project object */;
}
