// !$*UTF8*$!
{
	archiveVersion = 1;
	classes = {
	};
	objectVersion = 55;
	objects = {

/* Begin PBXBuildFile section */
		04B0C9FA3CBF956AB855CB2A /* Pods_ExTodo_ExTodoUITests.framework in Frameworks */ = {isa = PBXBuildFile; fileRef = C8148F32AACCE51A36005177 /* Pods_ExTodo_ExTodoUITests.framework */; };
		4A48183427567509001BC1D4 /* AppDelegate.swift in Sources */ = {isa = PBXBuildFile; fileRef = 4A48183327567509001BC1D4 /* AppDelegate.swift */; };
		4A48183627567509001BC1D4 /* SceneDelegate.swift in Sources */ = {isa = PBXBuildFile; fileRef = 4A48183527567509001BC1D4 /* SceneDelegate.swift */; };
		4A48183D2756750A001BC1D4 /* Assets.xcassets in Resources */ = {isa = PBXBuildFile; fileRef = 4A48183C2756750A001BC1D4 /* Assets.xcassets */; };
		4A4818402756750A001BC1D4 /* LaunchScreen.storyboard in Resources */ = {isa = PBXBuildFile; fileRef = 4A48183E2756750A001BC1D4 /* LaunchScreen.storyboard */; };
		4A48184B2756750A001BC1D4 /* ExTodoTests.swift in Sources */ = {isa = PBXBuildFile; fileRef = 4A48184A2756750A001BC1D4 /* ExTodoTests.swift */; };
		4A4818552756750A001BC1D4 /* ExTodoUITests.swift in Sources */ = {isa = PBXBuildFile; fileRef = 4A4818542756750A001BC1D4 /* ExTodoUITests.swift */; };
		4A4818572756750A001BC1D4 /* ExTodoUITestsLaunchTests.swift in Sources */ = {isa = PBXBuildFile; fileRef = 4A4818562756750A001BC1D4 /* ExTodoUITestsLaunchTests.swift */; };
		4A4818AF275684A8001BC1D4 /* TaskList.storyboard in Resources */ = {isa = PBXBuildFile; fileRef = 4A4818AC275684A8001BC1D4 /* TaskList.storyboard */; };
		4A4818B0275684A8001BC1D4 /* TaskListViewController.swift in Sources */ = {isa = PBXBuildFile; fileRef = 4A4818AD275684A8001BC1D4 /* TaskListViewController.swift */; };
		4A4818B1275684A8001BC1D4 /* TaskListReactor.swift in Sources */ = {isa = PBXBuildFile; fileRef = 4A4818AE275684A8001BC1D4 /* TaskListReactor.swift */; };
		5AC7FCE3B245B76D8E672B77 /* Pods_ExTodo.framework in Frameworks */ = {isa = PBXBuildFile; fileRef = D85CAEF38B768A8D471B0EDD /* Pods_ExTodo.framework */; };
		9AC365873212F791AEE2A662 /* Pods_ExTodoTests.framework in Frameworks */ = {isa = PBXBuildFile; fileRef = 26B7ED81AA5A4CF4AF930FD6 /* Pods_ExTodoTests.framework */; };
/* End PBXBuildFile section */

/* Begin PBXContainerItemProxy section */
		4A4818472756750A001BC1D4 /* PBXContainerItemProxy */ = {
			isa = PBXContainerItemProxy;
			containerPortal = 4A48182827567509001BC1D4 /* Project object */;
			proxyType = 1;
			remoteGlobalIDString = 4A48182F27567509001BC1D4;
			remoteInfo = ExTodo;
		};
		4A4818512756750A001BC1D4 /* PBXContainerItemProxy */ = {
			isa = PBXContainerItemProxy;
			containerPortal = 4A48182827567509001BC1D4 /* Project object */;
			proxyType = 1;
			remoteGlobalIDString = 4A48182F27567509001BC1D4;
			remoteInfo = ExTodo;
		};
/* End PBXContainerItemProxy section */

/* Begin PBXFileReference section */
		1111C216B7A6B295E98AA97B /* Pods-ExTodo.release.xcconfig */ = {isa = PBXFileReference; includeInIndex = 1; lastKnownFileType = text.xcconfig; name = "Pods-ExTodo.release.xcconfig"; path = "Target Support Files/Pods-ExTodo/Pods-ExTodo.release.xcconfig"; sourceTree = "<group>"; };
		1989EF653E7A4889D5F1C069 /* Pods-ExTodo-ExTodoUITests.debug.xcconfig */ = {isa = PBXFileReference; includeInIndex = 1; lastKnownFileType = text.xcconfig; name = "Pods-ExTodo-ExTodoUITests.debug.xcconfig"; path = "Target Support Files/Pods-ExTodo-ExTodoUITests/Pods-ExTodo-ExTodoUITests.debug.xcconfig"; sourceTree = "<group>"; };
		26B7ED81AA5A4CF4AF930FD6 /* Pods_ExTodoTests.framework */ = {isa = PBXFileReference; explicitFileType = wrapper.framework; includeInIndex = 0; path = Pods_ExTodoTests.framework; sourceTree = BUILT_PRODUCTS_DIR; };
		2FDF2F571BB4BD26975C4EF6 /* Pods-ExTodoTests.debug.xcconfig */ = {isa = PBXFileReference; includeInIndex = 1; lastKnownFileType = text.xcconfig; name = "Pods-ExTodoTests.debug.xcconfig"; path = "Target Support Files/Pods-ExTodoTests/Pods-ExTodoTests.debug.xcconfig"; sourceTree = "<group>"; };
		3E2396E9826B6775CADE7D93 /* Pods-ExTodoTests.release.xcconfig */ = {isa = PBXFileReference; includeInIndex = 1; lastKnownFileType = text.xcconfig; name = "Pods-ExTodoTests.release.xcconfig"; path = "Target Support Files/Pods-ExTodoTests/Pods-ExTodoTests.release.xcconfig"; sourceTree = "<group>"; };
		4A48183027567509001BC1D4 /* ExTodo.app */ = {isa = PBXFileReference; explicitFileType = wrapper.application; includeInIndex = 0; path = ExTodo.app; sourceTree = BUILT_PRODUCTS_DIR; };
		4A48183327567509001BC1D4 /* AppDelegate.swift */ = {isa = PBXFileReference; lastKnownFileType = sourcecode.swift; path = AppDelegate.swift; sourceTree = "<group>"; };
		4A48183527567509001BC1D4 /* SceneDelegate.swift */ = {isa = PBXFileReference; lastKnownFileType = sourcecode.swift; path = SceneDelegate.swift; sourceTree = "<group>"; };
		4A48183C2756750A001BC1D4 /* Assets.xcassets */ = {isa = PBXFileReference; lastKnownFileType = folder.assetcatalog; path = Assets.xcassets; sourceTree = "<group>"; };
		4A48183F2756750A001BC1D4 /* Base */ = {isa = PBXFileReference; lastKnownFileType = file.storyboard; name = Base; path = Base.lproj/LaunchScreen.storyboard; sourceTree = "<group>"; };
		4A4818412756750A001BC1D4 /* Info.plist */ = {isa = PBXFileReference; lastKnownFileType = text.plist.xml; path = Info.plist; sourceTree = "<group>"; };
		4A4818462756750A001BC1D4 /* ExTodoTests.xctest */ = {isa = PBXFileReference; explicitFileType = wrapper.cfbundle; includeInIndex = 0; path = ExTodoTests.xctest; sourceTree = BUILT_PRODUCTS_DIR; };
		4A48184A2756750A001BC1D4 /* ExTodoTests.swift */ = {isa = PBXFileReference; lastKnownFileType = sourcecode.swift; path = ExTodoTests.swift; sourceTree = "<group>"; };
		4A4818502756750A001BC1D4 /* ExTodoUITests.xctest */ = {isa = PBXFileReference; explicitFileType = wrapper.cfbundle; includeInIndex = 0; path = ExTodoUITests.xctest; sourceTree = BUILT_PRODUCTS_DIR; };
		4A4818542756750A001BC1D4 /* ExTodoUITests.swift */ = {isa = PBXFileReference; lastKnownFileType = sourcecode.swift; path = ExTodoUITests.swift; sourceTree = "<group>"; };
		4A4818562756750A001BC1D4 /* ExTodoUITestsLaunchTests.swift */ = {isa = PBXFileReference; lastKnownFileType = sourcecode.swift; path = ExTodoUITestsLaunchTests.swift; sourceTree = "<group>"; };
		4A4818AC275684A8001BC1D4 /* TaskList.storyboard */ = {isa = PBXFileReference; lastKnownFileType = file.storyboard; path = TaskList.storyboard; sourceTree = "<group>"; };
		4A4818AD275684A8001BC1D4 /* TaskListViewController.swift */ = {isa = PBXFileReference; lastKnownFileType = sourcecode.swift; path = TaskListViewController.swift; sourceTree = "<group>"; };
		4A4818AE275684A8001BC1D4 /* TaskListReactor.swift */ = {isa = PBXFileReference; lastKnownFileType = sourcecode.swift; path = TaskListReactor.swift; sourceTree = "<group>"; };
		648FC6B0EE62C15B06C8D814 /* Pods-ExTodo.debug.xcconfig */ = {isa = PBXFileReference; includeInIndex = 1; lastKnownFileType = text.xcconfig; name = "Pods-ExTodo.debug.xcconfig"; path = "Target Support Files/Pods-ExTodo/Pods-ExTodo.debug.xcconfig"; sourceTree = "<group>"; };
		75C1500BE48623CE4CF0FBEF /* Pods-ExTodo-ExTodoUITests.release.xcconfig */ = {isa = PBXFileReference; includeInIndex = 1; lastKnownFileType = text.xcconfig; name = "Pods-ExTodo-ExTodoUITests.release.xcconfig"; path = "Target Support Files/Pods-ExTodo-ExTodoUITests/Pods-ExTodo-ExTodoUITests.release.xcconfig"; sourceTree = "<group>"; };
		C8148F32AACCE51A36005177 /* Pods_ExTodo_ExTodoUITests.framework */ = {isa = PBXFileReference; explicitFileType = wrapper.framework; includeInIndex = 0; path = Pods_ExTodo_ExTodoUITests.framework; sourceTree = BUILT_PRODUCTS_DIR; };
		D85CAEF38B768A8D471B0EDD /* Pods_ExTodo.framework */ = {isa = PBXFileReference; explicitFileType = wrapper.framework; includeInIndex = 0; path = Pods_ExTodo.framework; sourceTree = BUILT_PRODUCTS_DIR; };
/* End PBXFileReference section */

/* Begin PBXFrameworksBuildPhase section */
		4A48182D27567509001BC1D4 /* Frameworks */ = {
			isa = PBXFrameworksBuildPhase;
			buildActionMask = 2147483647;
			files = (
				5AC7FCE3B245B76D8E672B77 /* Pods_ExTodo.framework in Frameworks */,
			);
			runOnlyForDeploymentPostprocessing = 0;
		};
		4A4818432756750A001BC1D4 /* Frameworks */ = {
			isa = PBXFrameworksBuildPhase;
			buildActionMask = 2147483647;
			files = (
				9AC365873212F791AEE2A662 /* Pods_ExTodoTests.framework in Frameworks */,
			);
			runOnlyForDeploymentPostprocessing = 0;
		};
		4A48184D2756750A001BC1D4 /* Frameworks */ = {
			isa = PBXFrameworksBuildPhase;
			buildActionMask = 2147483647;
			files = (
				04B0C9FA3CBF956AB855CB2A /* Pods_ExTodo_ExTodoUITests.framework in Frameworks */,
			);
			runOnlyForDeploymentPostprocessing = 0;
		};
/* End PBXFrameworksBuildPhase section */

/* Begin PBXGroup section */
		200651792BBC86DC24B09926 /* Pods */ = {
			isa = PBXGroup;
			children = (
				648FC6B0EE62C15B06C8D814 /* Pods-ExTodo.debug.xcconfig */,
				1111C216B7A6B295E98AA97B /* Pods-ExTodo.release.xcconfig */,
				1989EF653E7A4889D5F1C069 /* Pods-ExTodo-ExTodoUITests.debug.xcconfig */,
				75C1500BE48623CE4CF0FBEF /* Pods-ExTodo-ExTodoUITests.release.xcconfig */,
				2FDF2F571BB4BD26975C4EF6 /* Pods-ExTodoTests.debug.xcconfig */,
				3E2396E9826B6775CADE7D93 /* Pods-ExTodoTests.release.xcconfig */,
			);
			path = Pods;
			sourceTree = "<group>";
		};
		4A48182727567509001BC1D4 = {
			isa = PBXGroup;
			children = (
				4A48183227567509001BC1D4 /* ExTodo */,
				4A4818492756750A001BC1D4 /* ExTodoTests */,
				4A4818532756750A001BC1D4 /* ExTodoUITests */,
				4A48183127567509001BC1D4 /* Products */,
				200651792BBC86DC24B09926 /* Pods */,
				9158BB44F6237FB89E12B6DF /* Frameworks */,
			);
			sourceTree = "<group>";
		};
		4A48183127567509001BC1D4 /* Products */ = {
			isa = PBXGroup;
			children = (
				4A48183027567509001BC1D4 /* ExTodo.app */,
				4A4818462756750A001BC1D4 /* ExTodoTests.xctest */,
				4A4818502756750A001BC1D4 /* ExTodoUITests.xctest */,
			);
			name = Products;
			sourceTree = "<group>";
		};
		4A48183227567509001BC1D4 /* ExTodo */ = {
			isa = PBXGroup;
			children = (
				4A481865275675D1001BC1D4 /* Sources */,
				4A481864275675CE001BC1D4 /* Supports */,
				4A481863275675C4001BC1D4 /* Resources */,
			);
			path = ExTodo;
			sourceTree = "<group>";
		};
		4A4818492756750A001BC1D4 /* ExTodoTests */ = {
			isa = PBXGroup;
			children = (
				4A48184A2756750A001BC1D4 /* ExTodoTests.swift */,
			);
			path = ExTodoTests;
			sourceTree = "<group>";
		};
		4A4818532756750A001BC1D4 /* ExTodoUITests */ = {
			isa = PBXGroup;
			children = (
				4A4818542756750A001BC1D4 /* ExTodoUITests.swift */,
				4A4818562756750A001BC1D4 /* ExTodoUITestsLaunchTests.swift */,
			);
			path = ExTodoUITests;
			sourceTree = "<group>";
		};
		4A481863275675C4001BC1D4 /* Resources */ = {
			isa = PBXGroup;
			children = (
				4A48183C2756750A001BC1D4 /* Assets.xcassets */,
				4A48183E2756750A001BC1D4 /* LaunchScreen.storyboard */,
			);
			path = Resources;
			sourceTree = "<group>";
		};
		4A481864275675CE001BC1D4 /* Supports */ = {
			isa = PBXGroup;
			children = (
				4A4818412756750A001BC1D4 /* Info.plist */,
			);
			path = Supports;
			sourceTree = "<group>";
		};
		4A481865275675D1001BC1D4 /* Sources */ = {
			isa = PBXGroup;
			children = (
				4A48183327567509001BC1D4 /* AppDelegate.swift */,
				4A48183527567509001BC1D4 /* SceneDelegate.swift */,
				4A48186A27567653001BC1D4 /* Services */,
				4A48186927567650001BC1D4 /* Models */,
				4A48186827567647001BC1D4 /* Views */,
				4A48186727567641001BC1D4 /* ViewControllers */,
				4A4818662756763B001BC1D4 /* Utils */,
			);
			path = Sources;
			sourceTree = "<group>";
		};
		4A4818662756763B001BC1D4 /* Utils */ = {
			isa = PBXGroup;
			children = (
			);
			path = Utils;
			sourceTree = "<group>";
		};
		4A48186727567641001BC1D4 /* ViewControllers */ = {
			isa = PBXGroup;
			children = (
				4A48186B27567668001BC1D4 /* TaskList */,
			);
			path = ViewControllers;
			sourceTree = "<group>";
		};
		4A48186827567647001BC1D4 /* Views */ = {
			isa = PBXGroup;
			children = (
			);
			path = Views;
			sourceTree = "<group>";
		};
		4A48186927567650001BC1D4 /* Models */ = {
			isa = PBXGroup;
			children = (
			);
			path = Models;
			sourceTree = "<group>";
		};
		4A48186A27567653001BC1D4 /* Services */ = {
			isa = PBXGroup;
			children = (
			);
			path = Services;
			sourceTree = "<group>";
		};
		4A48186B27567668001BC1D4 /* TaskList */ = {
			isa = PBXGroup;
			children = (
				4A4818AC275684A8001BC1D4 /* TaskList.storyboard */,
				4A4818AD275684A8001BC1D4 /* TaskListViewController.swift */,
				4A4818AE275684A8001BC1D4 /* TaskListReactor.swift */,
			);
			path = TaskList;
			sourceTree = "<group>";
		};
		9158BB44F6237FB89E12B6DF /* Frameworks */ = {
			isa = PBXGroup;
			children = (
				D85CAEF38B768A8D471B0EDD /* Pods_ExTodo.framework */,
				C8148F32AACCE51A36005177 /* Pods_ExTodo_ExTodoUITests.framework */,
				26B7ED81AA5A4CF4AF930FD6 /* Pods_ExTodoTests.framework */,
			);
			name = Frameworks;
			sourceTree = "<group>";
		};
/* End PBXGroup section */

/* Begin PBXNativeTarget section */
		4A48182F27567509001BC1D4 /* ExTodo */ = {
			isa = PBXNativeTarget;
			buildConfigurationList = 4A48185A2756750A001BC1D4 /* Build configuration list for PBXNativeTarget "ExTodo" */;
			buildPhases = (
				C9D193249F6FCBCD1DA4E496 /* [CP] Check Pods Manifest.lock */,
				4A48182C27567509001BC1D4 /* Sources */,
				4A48182D27567509001BC1D4 /* Frameworks */,
				4A48182E27567509001BC1D4 /* Resources */,
				F9C900690D907E6BA714A10E /* [CP] Embed Pods Frameworks */,
			);
			buildRules = (
			);
			dependencies = (
			);
			name = ExTodo;
			productName = ExTodo;
			productReference = 4A48183027567509001BC1D4 /* ExTodo.app */;
			productType = "com.apple.product-type.application";
		};
		4A4818452756750A001BC1D4 /* ExTodoTests */ = {
			isa = PBXNativeTarget;
			buildConfigurationList = 4A48185D2756750A001BC1D4 /* Build configuration list for PBXNativeTarget "ExTodoTests" */;
			buildPhases = (
				3EA8642F184F270AEE55BE15 /* [CP] Check Pods Manifest.lock */,
				4A4818422756750A001BC1D4 /* Sources */,
				4A4818432756750A001BC1D4 /* Frameworks */,
				4A4818442756750A001BC1D4 /* Resources */,
			);
			buildRules = (
			);
			dependencies = (
				4A4818482756750A001BC1D4 /* PBXTargetDependency */,
			);
			name = ExTodoTests;
			productName = ExTodoTests;
			productReference = 4A4818462756750A001BC1D4 /* ExTodoTests.xctest */;
			productType = "com.apple.product-type.bundle.unit-test";
		};
		4A48184F2756750A001BC1D4 /* ExTodoUITests */ = {
			isa = PBXNativeTarget;
			buildConfigurationList = 4A4818602756750A001BC1D4 /* Build configuration list for PBXNativeTarget "ExTodoUITests" */;
			buildPhases = (
				E5AE52123B061B029A3688D9 /* [CP] Check Pods Manifest.lock */,
				4A48184C2756750A001BC1D4 /* Sources */,
				4A48184D2756750A001BC1D4 /* Frameworks */,
				4A48184E2756750A001BC1D4 /* Resources */,
				10896712B1BFC46AA0D6D7AD /* [CP] Embed Pods Frameworks */,
			);
			buildRules = (
			);
			dependencies = (
				4A4818522756750A001BC1D4 /* PBXTargetDependency */,
			);
			name = ExTodoUITests;
			productName = ExTodoUITests;
			productReference = 4A4818502756750A001BC1D4 /* ExTodoUITests.xctest */;
			productType = "com.apple.product-type.bundle.ui-testing";
		};
/* End PBXNativeTarget section */

/* Begin PBXProject section */
		4A48182827567509001BC1D4 /* Project object */ = {
			isa = PBXProject;
			attributes = {
				BuildIndependentTargetsInParallel = 1;
				LastSwiftUpdateCheck = 1310;
				LastUpgradeCheck = 1310;
				TargetAttributes = {
					4A48182F27567509001BC1D4 = {
						CreatedOnToolsVersion = 13.1;
					};
					4A4818452756750A001BC1D4 = {
						CreatedOnToolsVersion = 13.1;
						TestTargetID = 4A48182F27567509001BC1D4;
					};
					4A48184F2756750A001BC1D4 = {
						CreatedOnToolsVersion = 13.1;
						TestTargetID = 4A48182F27567509001BC1D4;
					};
				};
			};
			buildConfigurationList = 4A48182B27567509001BC1D4 /* Build configuration list for PBXProject "ExTodo" */;
			compatibilityVersion = "Xcode 13.0";
			developmentRegion = en;
			hasScannedForEncodings = 0;
			knownRegions = (
				en,
				Base,
			);
			mainGroup = 4A48182727567509001BC1D4;
			productRefGroup = 4A48183127567509001BC1D4 /* Products */;
			projectDirPath = "";
			projectRoot = "";
			targets = (
				4A48182F27567509001BC1D4 /* ExTodo */,
				4A4818452756750A001BC1D4 /* ExTodoTests */,
				4A48184F2756750A001BC1D4 /* ExTodoUITests */,
			);
		};
/* End PBXProject section */

/* Begin PBXResourcesBuildPhase section */
		4A48182E27567509001BC1D4 /* Resources */ = {
			isa = PBXResourcesBuildPhase;
			buildActionMask = 2147483647;
			files = (
				4A4818402756750A001BC1D4 /* LaunchScreen.storyboard in Resources */,
				4A48183D2756750A001BC1D4 /* Assets.xcassets in Resources */,
				4A4818AF275684A8001BC1D4 /* TaskList.storyboard in Resources */,
			);
			runOnlyForDeploymentPostprocessing = 0;
		};
		4A4818442756750A001BC1D4 /* Resources */ = {
			isa = PBXResourcesBuildPhase;
			buildActionMask = 2147483647;
			files = (
			);
			runOnlyForDeploymentPostprocessing = 0;
		};
		4A48184E2756750A001BC1D4 /* Resources */ = {
			isa = PBXResourcesBuildPhase;
			buildActionMask = 2147483647;
			files = (
			);
			runOnlyForDeploymentPostprocessing = 0;
		};
/* End PBXResourcesBuildPhase section */

/* Begin PBXShellScriptBuildPhase section */
		10896712B1BFC46AA0D6D7AD /* [CP] Embed Pods Frameworks */ = {
			isa = PBXShellScriptBuildPhase;
			buildActionMask = 2147483647;
			files = (
			);
			inputFileListPaths = (
				"${PODS_ROOT}/Target Support Files/Pods-ExTodo-ExTodoUITests/Pods-ExTodo-ExTodoUITests-frameworks-${CONFIGURATION}-input-files.xcfilelist",
			);
			name = "[CP] Embed Pods Frameworks";
			outputFileListPaths = (
				"${PODS_ROOT}/Target Support Files/Pods-ExTodo-ExTodoUITests/Pods-ExTodo-ExTodoUITests-frameworks-${CONFIGURATION}-output-files.xcfilelist",
			);
			runOnlyForDeploymentPostprocessing = 0;
			shellPath = /bin/sh;
			shellScript = "\"${PODS_ROOT}/Target Support Files/Pods-ExTodo-ExTodoUITests/Pods-ExTodo-ExTodoUITests-frameworks.sh\"\n";
			showEnvVarsInLog = 0;
		};
		3EA8642F184F270AEE55BE15 /* [CP] Check Pods Manifest.lock */ = {
			isa = PBXShellScriptBuildPhase;
			buildActionMask = 2147483647;
			files = (
			);
			inputFileListPaths = (
			);
			inputPaths = (
				"${PODS_PODFILE_DIR_PATH}/Podfile.lock",
				"${PODS_ROOT}/Manifest.lock",
			);
			name = "[CP] Check Pods Manifest.lock";
			outputFileListPaths = (
			);
			outputPaths = (
				"$(DERIVED_FILE_DIR)/Pods-ExTodoTests-checkManifestLockResult.txt",
			);
			runOnlyForDeploymentPostprocessing = 0;
			shellPath = /bin/sh;
			shellScript = "diff \"${PODS_PODFILE_DIR_PATH}/Podfile.lock\" \"${PODS_ROOT}/Manifest.lock\" > /dev/null\nif [ $? != 0 ] ; then\n    # print error to STDERR\n    echo \"error: The sandbox is not in sync with the Podfile.lock. Run 'pod install' or update your CocoaPods installation.\" >&2\n    exit 1\nfi\n# This output is used by Xcode 'outputs' to avoid re-running this script phase.\necho \"SUCCESS\" > \"${SCRIPT_OUTPUT_FILE_0}\"\n";
			showEnvVarsInLog = 0;
		};
		C9D193249F6FCBCD1DA4E496 /* [CP] Check Pods Manifest.lock */ = {
			isa = PBXShellScriptBuildPhase;
			buildActionMask = 2147483647;
			files = (
			);
			inputFileListPaths = (
			);
			inputPaths = (
				"${PODS_PODFILE_DIR_PATH}/Podfile.lock",
				"${PODS_ROOT}/Manifest.lock",
			);
			name = "[CP] Check Pods Manifest.lock";
			outputFileListPaths = (
			);
			outputPaths = (
				"$(DERIVED_FILE_DIR)/Pods-ExTodo-checkManifestLockResult.txt",
			);
			runOnlyForDeploymentPostprocessing = 0;
			shellPath = /bin/sh;
			shellScript = "diff \"${PODS_PODFILE_DIR_PATH}/Podfile.lock\" \"${PODS_ROOT}/Manifest.lock\" > /dev/null\nif [ $? != 0 ] ; then\n    # print error to STDERR\n    echo \"error: The sandbox is not in sync with the Podfile.lock. Run 'pod install' or update your CocoaPods installation.\" >&2\n    exit 1\nfi\n# This output is used by Xcode 'outputs' to avoid re-running this script phase.\necho \"SUCCESS\" > \"${SCRIPT_OUTPUT_FILE_0}\"\n";
			showEnvVarsInLog = 0;
		};
		E5AE52123B061B029A3688D9 /* [CP] Check Pods Manifest.lock */ = {
			isa = PBXShellScriptBuildPhase;
			buildActionMask = 2147483647;
			files = (
			);
			inputFileListPaths = (
			);
			inputPaths = (
				"${PODS_PODFILE_DIR_PATH}/Podfile.lock",
				"${PODS_ROOT}/Manifest.lock",
			);
			name = "[CP] Check Pods Manifest.lock";
			outputFileListPaths = (
			);
			outputPaths = (
				"$(DERIVED_FILE_DIR)/Pods-ExTodo-ExTodoUITests-checkManifestLockResult.txt",
			);
			runOnlyForDeploymentPostprocessing = 0;
			shellPath = /bin/sh;
			shellScript = "diff \"${PODS_PODFILE_DIR_PATH}/Podfile.lock\" \"${PODS_ROOT}/Manifest.lock\" > /dev/null\nif [ $? != 0 ] ; then\n    # print error to STDERR\n    echo \"error: The sandbox is not in sync with the Podfile.lock. Run 'pod install' or update your CocoaPods installation.\" >&2\n    exit 1\nfi\n# This output is used by Xcode 'outputs' to avoid re-running this script phase.\necho \"SUCCESS\" > \"${SCRIPT_OUTPUT_FILE_0}\"\n";
			showEnvVarsInLog = 0;
		};
		F9C900690D907E6BA714A10E /* [CP] Embed Pods Frameworks */ = {
			isa = PBXShellScriptBuildPhase;
			buildActionMask = 2147483647;
			files = (
			);
			inputFileListPaths = (
				"${PODS_ROOT}/Target Support Files/Pods-ExTodo/Pods-ExTodo-frameworks-${CONFIGURATION}-input-files.xcfilelist",
			);
			name = "[CP] Embed Pods Frameworks";
			outputFileListPaths = (
				"${PODS_ROOT}/Target Support Files/Pods-ExTodo/Pods-ExTodo-frameworks-${CONFIGURATION}-output-files.xcfilelist",
			);
			runOnlyForDeploymentPostprocessing = 0;
			shellPath = /bin/sh;
			shellScript = "\"${PODS_ROOT}/Target Support Files/Pods-ExTodo/Pods-ExTodo-frameworks.sh\"\n";
			showEnvVarsInLog = 0;
		};
/* End PBXShellScriptBuildPhase section */

/* Begin PBXSourcesBuildPhase section */
		4A48182C27567509001BC1D4 /* Sources */ = {
			isa = PBXSourcesBuildPhase;
			buildActionMask = 2147483647;
			files = (
				4A48183427567509001BC1D4 /* AppDelegate.swift in Sources */,
				4A48183627567509001BC1D4 /* SceneDelegate.swift in Sources */,
				4A4818B0275684A8001BC1D4 /* TaskListViewController.swift in Sources */,
				4A4818B1275684A8001BC1D4 /* TaskListReactor.swift in Sources */,
			);
			runOnlyForDeploymentPostprocessing = 0;
		};
		4A4818422756750A001BC1D4 /* Sources */ = {
			isa = PBXSourcesBuildPhase;
			buildActionMask = 2147483647;
			files = (
				4A48184B2756750A001BC1D4 /* ExTodoTests.swift in Sources */,
			);
			runOnlyForDeploymentPostprocessing = 0;
		};
		4A48184C2756750A001BC1D4 /* Sources */ = {
			isa = PBXSourcesBuildPhase;
			buildActionMask = 2147483647;
			files = (
				4A4818552756750A001BC1D4 /* ExTodoUITests.swift in Sources */,
				4A4818572756750A001BC1D4 /* ExTodoUITestsLaunchTests.swift in Sources */,
			);
			runOnlyForDeploymentPostprocessing = 0;
		};
/* End PBXSourcesBuildPhase section */

/* Begin PBXTargetDependency section */
		4A4818482756750A001BC1D4 /* PBXTargetDependency */ = {
			isa = PBXTargetDependency;
			target = 4A48182F27567509001BC1D4 /* ExTodo */;
			targetProxy = 4A4818472756750A001BC1D4 /* PBXContainerItemProxy */;
		};
		4A4818522756750A001BC1D4 /* PBXTargetDependency */ = {
			isa = PBXTargetDependency;
			target = 4A48182F27567509001BC1D4 /* ExTodo */;
			targetProxy = 4A4818512756750A001BC1D4 /* PBXContainerItemProxy */;
		};
/* End PBXTargetDependency section */

/* Begin PBXVariantGroup section */
		4A48183E2756750A001BC1D4 /* LaunchScreen.storyboard */ = {
			isa = PBXVariantGroup;
			children = (
				4A48183F2756750A001BC1D4 /* Base */,
			);
			name = LaunchScreen.storyboard;
			sourceTree = "<group>";
		};
/* End PBXVariantGroup section */

/* Begin XCBuildConfiguration section */
		4A4818582756750A001BC1D4 /* Debug */ = {
			isa = XCBuildConfiguration;
			buildSettings = {
				ALWAYS_SEARCH_USER_PATHS = NO;
				CLANG_ANALYZER_NONNULL = YES;
				CLANG_ANALYZER_NUMBER_OBJECT_CONVERSION = YES_AGGRESSIVE;
				CLANG_CXX_LANGUAGE_STANDARD = "gnu++17";
				CLANG_CXX_LIBRARY = "libc++";
				CLANG_ENABLE_MODULES = YES;
				CLANG_ENABLE_OBJC_ARC = YES;
				CLANG_ENABLE_OBJC_WEAK = YES;
				CLANG_WARN_BLOCK_CAPTURE_AUTORELEASING = YES;
				CLANG_WARN_BOOL_CONVERSION = YES;
				CLANG_WARN_COMMA = YES;
				CLANG_WARN_CONSTANT_CONVERSION = YES;
				CLANG_WARN_DEPRECATED_OBJC_IMPLEMENTATIONS = YES;
				CLANG_WARN_DIRECT_OBJC_ISA_USAGE = YES_ERROR;
				CLANG_WARN_DOCUMENTATION_COMMENTS = YES;
				CLANG_WARN_EMPTY_BODY = YES;
				CLANG_WARN_ENUM_CONVERSION = YES;
				CLANG_WARN_INFINITE_RECURSION = YES;
				CLANG_WARN_INT_CONVERSION = YES;
				CLANG_WARN_NON_LITERAL_NULL_CONVERSION = YES;
				CLANG_WARN_OBJC_IMPLICIT_RETAIN_SELF = YES;
				CLANG_WARN_OBJC_LITERAL_CONVERSION = YES;
				CLANG_WARN_OBJC_ROOT_CLASS = YES_ERROR;
				CLANG_WARN_QUOTED_INCLUDE_IN_FRAMEWORK_HEADER = YES;
				CLANG_WARN_RANGE_LOOP_ANALYSIS = YES;
				CLANG_WARN_STRICT_PROTOTYPES = YES;
				CLANG_WARN_SUSPICIOUS_MOVE = YES;
				CLANG_WARN_UNGUARDED_AVAILABILITY = YES_AGGRESSIVE;
				CLANG_WARN_UNREACHABLE_CODE = YES;
				CLANG_WARN__DUPLICATE_METHOD_MATCH = YES;
				COPY_PHASE_STRIP = NO;
				DEBUG_INFORMATION_FORMAT = dwarf;
				ENABLE_STRICT_OBJC_MSGSEND = YES;
				ENABLE_TESTABILITY = YES;
				GCC_C_LANGUAGE_STANDARD = gnu11;
				GCC_DYNAMIC_NO_PIC = NO;
				GCC_NO_COMMON_BLOCKS = YES;
				GCC_OPTIMIZATION_LEVEL = 0;
				GCC_PREPROCESSOR_DEFINITIONS = (
					"DEBUG=1",
					"$(inherited)",
				);
				GCC_WARN_64_TO_32_BIT_CONVERSION = YES;
				GCC_WARN_ABOUT_RETURN_TYPE = YES_ERROR;
				GCC_WARN_UNDECLARED_SELECTOR = YES;
				GCC_WARN_UNINITIALIZED_AUTOS = YES_AGGRESSIVE;
				GCC_WARN_UNUSED_FUNCTION = YES;
				GCC_WARN_UNUSED_VARIABLE = YES;
				IPHONEOS_DEPLOYMENT_TARGET = 15.0;
				MTL_ENABLE_DEBUG_INFO = INCLUDE_SOURCE;
				MTL_FAST_MATH = YES;
				ONLY_ACTIVE_ARCH = YES;
				SDKROOT = iphoneos;
				SWIFT_ACTIVE_COMPILATION_CONDITIONS = DEBUG;
				SWIFT_OPTIMIZATION_LEVEL = "-Onone";
			};
			name = Debug;
		};
		4A4818592756750A001BC1D4 /* Release */ = {
			isa = XCBuildConfiguration;
			buildSettings = {
				ALWAYS_SEARCH_USER_PATHS = NO;
				CLANG_ANALYZER_NONNULL = YES;
				CLANG_ANALYZER_NUMBER_OBJECT_CONVERSION = YES_AGGRESSIVE;
				CLANG_CXX_LANGUAGE_STANDARD = "gnu++17";
				CLANG_CXX_LIBRARY = "libc++";
				CLANG_ENABLE_MODULES = YES;
				CLANG_ENABLE_OBJC_ARC = YES;
				CLANG_ENABLE_OBJC_WEAK = YES;
				CLANG_WARN_BLOCK_CAPTURE_AUTORELEASING = YES;
				CLANG_WARN_BOOL_CONVERSION = YES;
				CLANG_WARN_COMMA = YES;
				CLANG_WARN_CONSTANT_CONVERSION = YES;
				CLANG_WARN_DEPRECATED_OBJC_IMPLEMENTATIONS = YES;
				CLANG_WARN_DIRECT_OBJC_ISA_USAGE = YES_ERROR;
				CLANG_WARN_DOCUMENTATION_COMMENTS = YES;
				CLANG_WARN_EMPTY_BODY = YES;
				CLANG_WARN_ENUM_CONVERSION = YES;
				CLANG_WARN_INFINITE_RECURSION = YES;
				CLANG_WARN_INT_CONVERSION = YES;
				CLANG_WARN_NON_LITERAL_NULL_CONVERSION = YES;
				CLANG_WARN_OBJC_IMPLICIT_RETAIN_SELF = YES;
				CLANG_WARN_OBJC_LITERAL_CONVERSION = YES;
				CLANG_WARN_OBJC_ROOT_CLASS = YES_ERROR;
				CLANG_WARN_QUOTED_INCLUDE_IN_FRAMEWORK_HEADER = YES;
				CLANG_WARN_RANGE_LOOP_ANALYSIS = YES;
				CLANG_WARN_STRICT_PROTOTYPES = YES;
				CLANG_WARN_SUSPICIOUS_MOVE = YES;
				CLANG_WARN_UNGUARDED_AVAILABILITY = YES_AGGRESSIVE;
				CLANG_WARN_UNREACHABLE_CODE = YES;
				CLANG_WARN__DUPLICATE_METHOD_MATCH = YES;
				COPY_PHASE_STRIP = NO;
				DEBUG_INFORMATION_FORMAT = "dwarf-with-dsym";
				ENABLE_NS_ASSERTIONS = NO;
				ENABLE_STRICT_OBJC_MSGSEND = YES;
				GCC_C_LANGUAGE_STANDARD = gnu11;
				GCC_NO_COMMON_BLOCKS = YES;
				GCC_WARN_64_TO_32_BIT_CONVERSION = YES;
				GCC_WARN_ABOUT_RETURN_TYPE = YES_ERROR;
				GCC_WARN_UNDECLARED_SELECTOR = YES;
				GCC_WARN_UNINITIALIZED_AUTOS = YES_AGGRESSIVE;
				GCC_WARN_UNUSED_FUNCTION = YES;
				GCC_WARN_UNUSED_VARIABLE = YES;
				IPHONEOS_DEPLOYMENT_TARGET = 15.0;
				MTL_ENABLE_DEBUG_INFO = NO;
				MTL_FAST_MATH = YES;
				SDKROOT = iphoneos;
				SWIFT_COMPILATION_MODE = wholemodule;
				SWIFT_OPTIMIZATION_LEVEL = "-O";
				VALIDATE_PRODUCT = YES;
			};
			name = Release;
		};
		4A48185B2756750A001BC1D4 /* Debug */ = {
			isa = XCBuildConfiguration;
			baseConfigurationReference = 648FC6B0EE62C15B06C8D814 /* Pods-ExTodo.debug.xcconfig */;
			buildSettings = {
				ASSETCATALOG_COMPILER_APPICON_NAME = AppIcon;
				ASSETCATALOG_COMPILER_GLOBAL_ACCENT_COLOR_NAME = AccentColor;
				CODE_SIGN_STYLE = Automatic;
				CURRENT_PROJECT_VERSION = 1;
				DEVELOPMENT_TEAM = SS7U83UJNK;
				GENERATE_INFOPLIST_FILE = YES;
				INFOPLIST_FILE = ExTodo/Supports/Info.plist;
				INFOPLIST_KEY_UIApplicationSupportsIndirectInputEvents = YES;
				INFOPLIST_KEY_UILaunchStoryboardName = LaunchScreen;
				INFOPLIST_KEY_UIMainStoryboardFile = Main;
				INFOPLIST_KEY_UISupportedInterfaceOrientations_iPad = "UIInterfaceOrientationPortrait UIInterfaceOrientationPortraitUpsideDown UIInterfaceOrientationLandscapeLeft UIInterfaceOrientationLandscapeRight";
				INFOPLIST_KEY_UISupportedInterfaceOrientations_iPhone = "UIInterfaceOrientationPortrait UIInterfaceOrientationLandscapeLeft UIInterfaceOrientationLandscapeRight";
				LD_RUNPATH_SEARCH_PATHS = (
					"$(inherited)",
					"@executable_path/Frameworks",
				);
				MARKETING_VERSION = 1.0;
				PRODUCT_BUNDLE_IDENTIFIER = com.jake.ExTodo;
				PRODUCT_NAME = "$(TARGET_NAME)";
				SWIFT_EMIT_LOC_STRINGS = YES;
				SWIFT_VERSION = 5.0;
				TARGETED_DEVICE_FAMILY = "1,2";
			};
			name = Debug;
		};
		4A48185C2756750A001BC1D4 /* Release */ = {
			isa = XCBuildConfiguration;
			baseConfigurationReference = 1111C216B7A6B295E98AA97B /* Pods-ExTodo.release.xcconfig */;
			buildSettings = {
				ASSETCATALOG_COMPILER_APPICON_NAME = AppIcon;
				ASSETCATALOG_COMPILER_GLOBAL_ACCENT_COLOR_NAME = AccentColor;
				CODE_SIGN_STYLE = Automatic;
				CURRENT_PROJECT_VERSION = 1;
				DEVELOPMENT_TEAM = SS7U83UJNK;
				GENERATE_INFOPLIST_FILE = YES;
				INFOPLIST_FILE = ExTodo/Supports/Info.plist;
				INFOPLIST_KEY_UIApplicationSupportsIndirectInputEvents = YES;
				INFOPLIST_KEY_UILaunchStoryboardName = LaunchScreen;
				INFOPLIST_KEY_UIMainStoryboardFile = Main;
				INFOPLIST_KEY_UISupportedInterfaceOrientations_iPad = "UIInterfaceOrientationPortrait UIInterfaceOrientationPortraitUpsideDown UIInterfaceOrientationLandscapeLeft UIInterfaceOrientationLandscapeRight";
				INFOPLIST_KEY_UISupportedInterfaceOrientations_iPhone = "UIInterfaceOrientationPortrait UIInterfaceOrientationLandscapeLeft UIInterfaceOrientationLandscapeRight";
				LD_RUNPATH_SEARCH_PATHS = (
					"$(inherited)",
					"@executable_path/Frameworks",
				);
				MARKETING_VERSION = 1.0;
				PRODUCT_BUNDLE_IDENTIFIER = com.jake.ExTodo;
				PRODUCT_NAME = "$(TARGET_NAME)";
				SWIFT_EMIT_LOC_STRINGS = YES;
				SWIFT_VERSION = 5.0;
				TARGETED_DEVICE_FAMILY = "1,2";
			};
			name = Release;
		};
		4A48185E2756750A001BC1D4 /* Debug */ = {
			isa = XCBuildConfiguration;
			baseConfigurationReference = 2FDF2F571BB4BD26975C4EF6 /* Pods-ExTodoTests.debug.xcconfig */;
			buildSettings = {
				ALWAYS_EMBED_SWIFT_STANDARD_LIBRARIES = YES;
				BUNDLE_LOADER = "$(TEST_HOST)";
				CODE_SIGN_STYLE = Automatic;
				CURRENT_PROJECT_VERSION = 1;
				DEVELOPMENT_TEAM = SS7U83UJNK;
				GENERATE_INFOPLIST_FILE = YES;
				IPHONEOS_DEPLOYMENT_TARGET = 15.0;
				LD_RUNPATH_SEARCH_PATHS = (
					"$(inherited)",
					"@executable_path/Frameworks",
					"@loader_path/Frameworks",
				);
				MARKETING_VERSION = 1.0;
				PRODUCT_BUNDLE_IDENTIFIER = com.jake.ExTodoTests;
				PRODUCT_NAME = "$(TARGET_NAME)";
				SWIFT_EMIT_LOC_STRINGS = NO;
				SWIFT_VERSION = 5.0;
				TARGETED_DEVICE_FAMILY = "1,2";
				TEST_HOST = "$(BUILT_PRODUCTS_DIR)/ExTodo.app/ExTodo";
			};
			name = Debug;
		};
		4A48185F2756750A001BC1D4 /* Release */ = {
			isa = XCBuildConfiguration;
			baseConfigurationReference = 3E2396E9826B6775CADE7D93 /* Pods-ExTodoTests.release.xcconfig */;
			buildSettings = {
				ALWAYS_EMBED_SWIFT_STANDARD_LIBRARIES = YES;
				BUNDLE_LOADER = "$(TEST_HOST)";
				CODE_SIGN_STYLE = Automatic;
				CURRENT_PROJECT_VERSION = 1;
				DEVELOPMENT_TEAM = SS7U83UJNK;
				GENERATE_INFOPLIST_FILE = YES;
				IPHONEOS_DEPLOYMENT_TARGET = 15.0;
				LD_RUNPATH_SEARCH_PATHS = (
					"$(inherited)",
					"@executable_path/Frameworks",
					"@loader_path/Frameworks",
				);
				MARKETING_VERSION = 1.0;
				PRODUCT_BUNDLE_IDENTIFIER = com.jake.ExTodoTests;
				PRODUCT_NAME = "$(TARGET_NAME)";
				SWIFT_EMIT_LOC_STRINGS = NO;
				SWIFT_VERSION = 5.0;
				TARGETED_DEVICE_FAMILY = "1,2";
				TEST_HOST = "$(BUILT_PRODUCTS_DIR)/ExTodo.app/ExTodo";
			};
			name = Release;
		};
		4A4818612756750A001BC1D4 /* Debug */ = {
			isa = XCBuildConfiguration;
			baseConfigurationReference = 1989EF653E7A4889D5F1C069 /* Pods-ExTodo-ExTodoUITests.debug.xcconfig */;
			buildSettings = {
				ALWAYS_EMBED_SWIFT_STANDARD_LIBRARIES = YES;
				CODE_SIGN_STYLE = Automatic;
				CURRENT_PROJECT_VERSION = 1;
				DEVELOPMENT_TEAM = SS7U83UJNK;
				GENERATE_INFOPLIST_FILE = YES;
				LD_RUNPATH_SEARCH_PATHS = (
					"$(inherited)",
					"@executable_path/Frameworks",
					"@loader_path/Frameworks",
				);
				MARKETING_VERSION = 1.0;
				PRODUCT_BUNDLE_IDENTIFIER = com.jake.ExTodoUITests;
				PRODUCT_NAME = "$(TARGET_NAME)";
				SWIFT_EMIT_LOC_STRINGS = NO;
				SWIFT_VERSION = 5.0;
				TARGETED_DEVICE_FAMILY = "1,2";
				TEST_TARGET_NAME = ExTodo;
			};
			name = Debug;
		};
		4A4818622756750A001BC1D4 /* Release */ = {
			isa = XCBuildConfiguration;
			baseConfigurationReference = 75C1500BE48623CE4CF0FBEF /* Pods-ExTodo-ExTodoUITests.release.xcconfig */;
			buildSettings = {
				ALWAYS_EMBED_SWIFT_STANDARD_LIBRARIES = YES;
				CODE_SIGN_STYLE = Automatic;
				CURRENT_PROJECT_VERSION = 1;
				DEVELOPMENT_TEAM = SS7U83UJNK;
				GENERATE_INFOPLIST_FILE = YES;
				LD_RUNPATH_SEARCH_PATHS = (
					"$(inherited)",
					"@executable_path/Frameworks",
					"@loader_path/Frameworks",
				);
				MARKETING_VERSION = 1.0;
				PRODUCT_BUNDLE_IDENTIFIER = com.jake.ExTodoUITests;
				PRODUCT_NAME = "$(TARGET_NAME)";
				SWIFT_EMIT_LOC_STRINGS = NO;
				SWIFT_VERSION = 5.0;
				TARGETED_DEVICE_FAMILY = "1,2";
				TEST_TARGET_NAME = ExTodo;
			};
			name = Release;
		};
/* End XCBuildConfiguration section */

/* Begin XCConfigurationList section */
		4A48182B27567509001BC1D4 /* Build configuration list for PBXProject "ExTodo" */ = {
			isa = XCConfigurationList;
			buildConfigurations = (
				4A4818582756750A001BC1D4 /* Debug */,
				4A4818592756750A001BC1D4 /* Release */,
			);
			defaultConfigurationIsVisible = 0;
			defaultConfigurationName = Release;
		};
		4A48185A2756750A001BC1D4 /* Build configuration list for PBXNativeTarget "ExTodo" */ = {
			isa = XCConfigurationList;
			buildConfigurations = (
				4A48185B2756750A001BC1D4 /* Debug */,
				4A48185C2756750A001BC1D4 /* Release */,
			);
			defaultConfigurationIsVisible = 0;
			defaultConfigurationName = Release;
		};
		4A48185D2756750A001BC1D4 /* Build configuration list for PBXNativeTarget "ExTodoTests" */ = {
			isa = XCConfigurationList;
			buildConfigurations = (
				4A48185E2756750A001BC1D4 /* Debug */,
				4A48185F2756750A001BC1D4 /* Release */,
			);
			defaultConfigurationIsVisible = 0;
			defaultConfigurationName = Release;
		};
		4A4818602756750A001BC1D4 /* Build configuration list for PBXNativeTarget "ExTodoUITests" */ = {
			isa = XCConfigurationList;
			buildConfigurations = (
				4A4818612756750A001BC1D4 /* Debug */,
				4A4818622756750A001BC1D4 /* Release */,
			);
			defaultConfigurationIsVisible = 0;
			defaultConfigurationName = Release;
		};
/* End XCConfigurationList section */
	};
	rootObject = 4A48182827567509001BC1D4 /* Project object */;
}
